alpine-base
alpine-baselayout
alpine-baselayout-data
alpine-conf
alpine-keys
alpine-release
apk-tools
bridge
busybox
busybox-binsh
busybox-mdev-openrc
busybox-openrc
busybox-suid
ca-certificates
ca-certificates-bundle
dropbear
dropbear-openrc
ifupdown-ng
ifupdown-ng-iproute2
iproute2
iproute2-minimal
iproute2-ss
iproute2-tc
libapk
libcap2
libcrypto3
libelf
libmnl
libssl3
libxtables
mdev-conf
musl
musl-utils
openrc
openrc-user
scanelf
skalibs-libs
ssl_client
utmps-libs
zlib
zstd-libs
